# THIS IS AN AUTOGENERATED FILE. DO NOT EDIT THIS FILE DIRECTLY.
# yarn lockfile v1


csv-parse@^5.5.5:
  version "5.5.5"
  resolved "https://registry.yarnpkg.com/csv-parse/-/csv-parse-5.5.5.tgz#68a271a9092877b830541805e14c8a80e6a22517"
  integrity sha512-erCk7tyU3yLWAhk6wvKxnyPtftuy/6Ak622gOO7BCJ05+TYffnPCJF905wmOQm+BpkX54OdAl8pveJwUdpnCXQ==
